
Microsoft Visual Studio Solution File, Format Version 12.00
# Visual Studio 15
VisualStudioVersion = 15.0.28307.1082
MinimumVisualStudioVersion = 10.0.40219.1
Project("{FAE04EC0-301F-11D3-BF4B-00C04F79EFBC}") = "Lab2_Singleton", "Lab2_Singleton\Lab2_Singleton.csproj", "{E96DD20C-9FDF-44B4-BBBB-A923DC3F6997}"
EndProject
Project("{FAE04EC0-301F-11D3-BF4B-00C04F79EFBC}") = "Lab3_Iterator", "Lab3_Iterator\Lab3_Iterator.csproj", "{FA86957F-052B-46C7-8B66-D1E77226129F}"
EndProject
Project("{FAE04EC0-301F-11D3-BF4B-00C04F79EFBC}") = "Lab1_Bridge", "Lab1_Bridge\Lab1_Bridge.csproj", "{0528A9D3-70AE-43D4-924F-DD30E47BFE39}"
EndProject
Project("{FAE04EC0-301F-11D3-BF4B-00C04F79EFBC}") = "Lab5_Decorator", "Lab5_Decorator\Lab5_Decorator.csproj", "{42AD50E7-4268-42BC-AB5D-657C60320C2F}"
EndProject
Project("{FAE04EC0-301F-11D3-BF4B-00C04F79EFBC}") = "Lab5_Decorator2", "Lab5_Decorator2\Lab5_Decorator2.csproj", "{1022E2FE-4ED5-4F1D-A0D3-78403B5D3E03}"
EndProject
Global
	GlobalSection(SolutionConfigurationPlatforms) = preSolution
		Debug|Any CPU = Debug|Any CPU
		Release|Any CPU = Release|Any CPU
	EndGlobalSection
	GlobalSection(ProjectConfigurationPlatforms) = postSolution
		{E96DD20C-9FDF-44B4-BBBB-A923DC3F6997}.Debug|Any CPU.ActiveCfg = Debug|Any CPU
		{E96DD20C-9FDF-44B4-BBBB-A923DC3F6997}.Debug|Any CPU.Build.0 = Debug|Any CPU
		{E96DD20C-9FDF-44B4-BBBB-A923DC3F6997}.Release|Any CPU.ActiveCfg = Release|Any CPU
		{E96DD20C-9FDF-44B4-BBBB-A923DC3F6997}.Release|Any CPU.Build.0 = Release|Any CPU
		{FA86957F-052B-46C7-8B66-D1E77226129F}.Debug|Any CPU.ActiveCfg = Debug|Any CPU
		{FA86957F-052B-46C7-8B66-D1E77226129F}.Debug|Any CPU.Build.0 = Debug|Any CPU
		{FA86957F-052B-46C7-8B66-D1E77226129F}.Release|Any CPU.ActiveCfg = Release|Any CPU
		{FA86957F-052B-46C7-8B66-D1E77226129F}.Release|Any CPU.Build.0 = Release|Any CPU
		{0528A9D3-70AE-43D4-924F-DD30E47BFE39}.Debug|Any CPU.ActiveCfg = Debug|Any CPU
		{0528A9D3-70AE-43D4-924F-DD30E47BFE39}.Debug|Any CPU.Build.0 = Debug|Any CPU
		{0528A9D3-70AE-43D4-924F-DD30E47BFE39}.Release|Any CPU.ActiveCfg = Release|Any CPU
		{0528A9D3-70AE-43D4-924F-DD30E47BFE39}.Release|Any CPU.Build.0 = Release|Any CPU
		{42AD50E7-4268-42BC-AB5D-657C60320C2F}.Debug|Any CPU.ActiveCfg = Debug|Any CPU
		{42AD50E7-4268-42BC-AB5D-657C60320C2F}.Debug|Any CPU.Build.0 = Debug|Any CPU
		{42AD50E7-4268-42BC-AB5D-657C60320C2F}.Release|Any CPU.ActiveCfg = Release|Any CPU
		{42AD50E7-4268-42BC-AB5D-657C60320C2F}.Release|Any CPU.Build.0 = Release|Any CPU
		{1022E2FE-4ED5-4F1D-A0D3-78403B5D3E03}.Debug|Any CPU.ActiveCfg = Debug|Any CPU
		{1022E2FE-4ED5-4F1D-A0D3-78403B5D3E03}.Debug|Any CPU.Build.0 = Debug|Any CPU
		{1022E2FE-4ED5-4F1D-A0D3-78403B5D3E03}.Release|Any CPU.ActiveCfg = Release|Any CPU
		{1022E2FE-4ED5-4F1D-A0D3-78403B5D3E03}.Release|Any CPU.Build.0 = Release|Any CPU
	EndGlobalSection
	GlobalSection(SolutionProperties) = preSolution
		HideSolutionNode = FALSE
	EndGlobalSection
	GlobalSection(ExtensibilityGlobals) = postSolution
		SolutionGuid = {C9B9F7BE-1FA0-4315-B976-1A552C6EBC06}
	EndGlobalSection
EndGlobal
